// !$*UTF8*$!
{
	archiveVersion = 1;
	classes = {
	};
	objectVersion = 56;
	objects = {

/* Begin PBXBuildFile section */
		7C2ED0FB2AED2BFC00C2433C /* AppCoordinater.swift in Sources */ = {isa = PBXBuildFile; fileRef = 7C2ED0FA2AED2BFC00C2433C /* AppCoordinater.swift */; };
		7C2ED0FE2AED2C1E00C2433C /* LoginCoordinator.swift in Sources */ = {isa = PBXBuildFile; fileRef = 7C2ED0FD2AED2C1E00C2433C /* LoginCoordinator.swift */; };
		7C2ED1012AED2C2C00C2433C /* LoginViewController.swift in Sources */ = {isa = PBXBuildFile; fileRef = 7C2ED1002AED2C2C00C2433C /* LoginViewController.swift */; };
		7C2ED1072AED2C7C00C2433C /* MainTabBarCoordinator.swift in Sources */ = {isa = PBXBuildFile; fileRef = 7C2ED1052AED2C7C00C2433C /* MainTabBarCoordinator.swift */; };
		7C2ED1082AED2C7C00C2433C /* MainTapBarController.swift in Sources */ = {isa = PBXBuildFile; fileRef = 7C2ED1062AED2C7C00C2433C /* MainTapBarController.swift */; };
		7C2ED10A2AED2C8000C2433C /* MainTabViewModel.swift in Sources */ = {isa = PBXBuildFile; fileRef = 7C2ED1092AED2C8000C2433C /* MainTabViewModel.swift */; };
		7C2ED10F2AED2CAC00C2433C /* LoginViewModel.swift in Sources */ = {isa = PBXBuildFile; fileRef = 7C2ED10E2AED2CAC00C2433C /* LoginViewModel.swift */; };
		7C5428842AED392200BC6886 /* DetailInfoInputViewModel.swift in Sources */ = {isa = PBXBuildFile; fileRef = 7C5428832AED392200BC6886 /* DetailInfoInputViewModel.swift */; };
		7C5428862AED393400BC6886 /* DetailInfoViewController.swift in Sources */ = {isa = PBXBuildFile; fileRef = 7C5428852AED393400BC6886 /* DetailInfoViewController.swift */; };
		7C54288E2AEE916200BC6886 /* HomeTabCoordinator.swift in Sources */ = {isa = PBXBuildFile; fileRef = 7C54288D2AEE916200BC6886 /* HomeTabCoordinator.swift */; };
		7C5428902AEE917000BC6886 /* MapTabCoordinator.swift in Sources */ = {isa = PBXBuildFile; fileRef = 7C54288F2AEE917000BC6886 /* MapTabCoordinator.swift */; };
		7C5428922AEE917A00BC6886 /* InfoTabCoordinator.swift in Sources */ = {isa = PBXBuildFile; fileRef = 7C5428912AEE917A00BC6886 /* InfoTabCoordinator.swift */; };
		7C5428952AEE91A200BC6886 /* HomeViewController.swift in Sources */ = {isa = PBXBuildFile; fileRef = 7C5428942AEE91A200BC6886 /* HomeViewController.swift */; };
		7C54289A2AEE91C100BC6886 /* MapViewController.swift in Sources */ = {isa = PBXBuildFile; fileRef = 7C5428992AEE91C100BC6886 /* MapViewController.swift */; };
		7C54289E2AEE91E400BC6886 /* InfoViewController.swift in Sources */ = {isa = PBXBuildFile; fileRef = 7C54289D2AEE91E400BC6886 /* InfoViewController.swift */; };
		7C5AA5A82AF242610060ACFA /* DetailInfoInputCoordinator.swift in Sources */ = {isa = PBXBuildFile; fileRef = 7C5AA5A72AF242610060ACFA /* DetailInfoInputCoordinator.swift */; };
		7C5AA5AB2AF2BEA60060ACFA /* MapViewModel.swift in Sources */ = {isa = PBXBuildFile; fileRef = 7C5AA5AA2AF2BEA60060ACFA /* MapViewModel.swift */; };
		7CA754A32AF20C3400DEF6A5 /* HomeTabViewModel.swift in Sources */ = {isa = PBXBuildFile; fileRef = 7CA754A22AF20C3400DEF6A5 /* HomeTabViewModel.swift */; };
		7CA754A62AF20C7E00DEF6A5 /* Const.swift in Sources */ = {isa = PBXBuildFile; fileRef = 7CA754A52AF20C7E00DEF6A5 /* Const.swift */; };
		7CA754A82AF20C8B00DEF6A5 /* Network.swift in Sources */ = {isa = PBXBuildFile; fileRef = 7CA754A72AF20C8B00DEF6A5 /* Network.swift */; };
		7CA754AA2AF20C9E00DEF6A5 /* TvNetwork.swift in Sources */ = {isa = PBXBuildFile; fileRef = 7CA754A92AF20C9E00DEF6A5 /* TvNetwork.swift */; };
		7CA754AC2AF20EFD00DEF6A5 /* MovieNetwork.swift in Sources */ = {isa = PBXBuildFile; fileRef = 7CA754AB2AF20EFD00DEF6A5 /* MovieNetwork.swift */; };
		7CA754AE2AF2116D00DEF6A5 /* HomeTabTableViewCell.swift in Sources */ = {isa = PBXBuildFile; fileRef = 7CA754AD2AF2116D00DEF6A5 /* HomeTabTableViewCell.swift */; };
		7CA754B12AF213FB00DEF6A5 /* Alamofire in Frameworks */ = {isa = PBXBuildFile; productRef = 7CA754B02AF213FB00DEF6A5 /* Alamofire */; };
		7CA754B42AF2143900DEF6A5 /* Kingfisher in Frameworks */ = {isa = PBXBuildFile; productRef = 7CA754B32AF2143900DEF6A5 /* Kingfisher */; };
		7CAE57442AE7B5770022546F /* AppDelegate.swift in Sources */ = {isa = PBXBuildFile; fileRef = 7CAE57432AE7B5770022546F /* AppDelegate.swift */; };
		7CAE57462AE7B5770022546F /* SceneDelegate.swift in Sources */ = {isa = PBXBuildFile; fileRef = 7CAE57452AE7B5770022546F /* SceneDelegate.swift */; };
		7CAE574D2AE7B5790022546F /* Assets.xcassets in Resources */ = {isa = PBXBuildFile; fileRef = 7CAE574C2AE7B5790022546F /* Assets.xcassets */; };
		7CAE57502AE7B5790022546F /* LaunchScreen.storyboard in Resources */ = {isa = PBXBuildFile; fileRef = 7CAE574E2AE7B5790022546F /* LaunchScreen.storyboard */; };
		7CAE57592AE7B5990022546F /* RxBlocking in Frameworks */ = {isa = PBXBuildFile; productRef = 7CAE57582AE7B5990022546F /* RxBlocking */; };
		7CAE575B2AE7B5990022546F /* RxBlocking-Dynamic in Frameworks */ = {isa = PBXBuildFile; productRef = 7CAE575A2AE7B5990022546F /* RxBlocking-Dynamic */; };
		7CAE575D2AE7B5990022546F /* RxCocoa in Frameworks */ = {isa = PBXBuildFile; productRef = 7CAE575C2AE7B5990022546F /* RxCocoa */; };
		7CAE575F2AE7B5990022546F /* RxCocoa-Dynamic in Frameworks */ = {isa = PBXBuildFile; productRef = 7CAE575E2AE7B5990022546F /* RxCocoa-Dynamic */; };
		7CAE57612AE7B5990022546F /* RxRelay in Frameworks */ = {isa = PBXBuildFile; productRef = 7CAE57602AE7B5990022546F /* RxRelay */; };
		7CAE57642AE7B5A40022546F /* SnapKit in Frameworks */ = {isa = PBXBuildFile; productRef = 7CAE57632AE7B5A40022546F /* SnapKit */; };
		7CAE57662AE7B5A40022546F /* SnapKit-Dynamic in Frameworks */ = {isa = PBXBuildFile; productRef = 7CAE57652AE7B5A40022546F /* SnapKit-Dynamic */; };
		7CAE576A2AE7B6D50022546F /* Coordinator.swift in Sources */ = {isa = PBXBuildFile; fileRef = 7CAE57692AE7B6D50022546F /* Coordinator.swift */; };
		7CBC52A22AF0C9EA00F0E5F7 /* TV.swift in Sources */ = {isa = PBXBuildFile; fileRef = 7CBC52A12AF0C9EA00F0E5F7 /* TV.swift */; };
		7CBC52A42AF0CA4700F0E5F7 /* Content.swift in Sources */ = {isa = PBXBuildFile; fileRef = 7CBC52A32AF0CA4700F0E5F7 /* Content.swift */; };
		7CBC52A62AF0CA5100F0E5F7 /* Movie.swift in Sources */ = {isa = PBXBuildFile; fileRef = 7CBC52A52AF0CA5100F0E5F7 /* Movie.swift */; };
		7CBC52A92AF0CA6900F0E5F7 /* MovieResult.swift in Sources */ = {isa = PBXBuildFile; fileRef = 7CBC52A82AF0CA6900F0E5F7 /* MovieResult.swift */; };
		7CBC52AB2AF0CA7400F0E5F7 /* NetworkProvider.swift in Sources */ = {isa = PBXBuildFile; fileRef = 7CBC52AA2AF0CA7400F0E5F7 /* NetworkProvider.swift */; };
/* End PBXBuildFile section */

/* Begin PBXFileReference section */
		7C2ED0FA2AED2BFC00C2433C /* AppCoordinater.swift */ = {isa = PBXFileReference; fileEncoding = 4; lastKnownFileType = sourcecode.swift; path = AppCoordinater.swift; sourceTree = "<group>"; };
		7C2ED0FD2AED2C1E00C2433C /* LoginCoordinator.swift */ = {isa = PBXFileReference; fileEncoding = 4; lastKnownFileType = sourcecode.swift; path = LoginCoordinator.swift; sourceTree = "<group>"; };
		7C2ED1002AED2C2C00C2433C /* LoginViewController.swift */ = {isa = PBXFileReference; fileEncoding = 4; lastKnownFileType = sourcecode.swift; path = LoginViewController.swift; sourceTree = "<group>"; };
		7C2ED1052AED2C7C00C2433C /* MainTabBarCoordinator.swift */ = {isa = PBXFileReference; fileEncoding = 4; lastKnownFileType = sourcecode.swift; path = MainTabBarCoordinator.swift; sourceTree = "<group>"; };
		7C2ED1062AED2C7C00C2433C /* MainTapBarController.swift */ = {isa = PBXFileReference; fileEncoding = 4; lastKnownFileType = sourcecode.swift; path = MainTapBarController.swift; sourceTree = "<group>"; };
		7C2ED1092AED2C8000C2433C /* MainTabViewModel.swift */ = {isa = PBXFileReference; fileEncoding = 4; lastKnownFileType = sourcecode.swift; path = MainTabViewModel.swift; sourceTree = "<group>"; };
		7C2ED10E2AED2CAC00C2433C /* LoginViewModel.swift */ = {isa = PBXFileReference; lastKnownFileType = sourcecode.swift; path = LoginViewModel.swift; sourceTree = "<group>"; };
		7C5428832AED392200BC6886 /* DetailInfoInputViewModel.swift */ = {isa = PBXFileReference; lastKnownFileType = sourcecode.swift; path = DetailInfoInputViewModel.swift; sourceTree = "<group>"; };
		7C5428852AED393400BC6886 /* DetailInfoViewController.swift */ = {isa = PBXFileReference; lastKnownFileType = sourcecode.swift; path = DetailInfoViewController.swift; sourceTree = "<group>"; };
		7C54288D2AEE916200BC6886 /* HomeTabCoordinator.swift */ = {isa = PBXFileReference; lastKnownFileType = sourcecode.swift; path = HomeTabCoordinator.swift; sourceTree = "<group>"; };
		7C54288F2AEE917000BC6886 /* MapTabCoordinator.swift */ = {isa = PBXFileReference; lastKnownFileType = sourcecode.swift; path = MapTabCoordinator.swift; sourceTree = "<group>"; };
		7C5428912AEE917A00BC6886 /* InfoTabCoordinator.swift */ = {isa = PBXFileReference; lastKnownFileType = sourcecode.swift; path = InfoTabCoordinator.swift; sourceTree = "<group>"; };
		7C5428942AEE91A200BC6886 /* HomeViewController.swift */ = {isa = PBXFileReference; lastKnownFileType = sourcecode.swift; path = HomeViewController.swift; sourceTree = "<group>"; };
		7C5428992AEE91C100BC6886 /* MapViewController.swift */ = {isa = PBXFileReference; lastKnownFileType = sourcecode.swift; path = MapViewController.swift; sourceTree = "<group>"; };
		7C54289D2AEE91E400BC6886 /* InfoViewController.swift */ = {isa = PBXFileReference; lastKnownFileType = sourcecode.swift; path = InfoViewController.swift; sourceTree = "<group>"; };
		7C5AA5A72AF242610060ACFA /* DetailInfoInputCoordinator.swift */ = {isa = PBXFileReference; lastKnownFileType = sourcecode.swift; path = DetailInfoInputCoordinator.swift; sourceTree = "<group>"; };
		7C5AA5AA2AF2BEA60060ACFA /* MapViewModel.swift */ = {isa = PBXFileReference; lastKnownFileType = sourcecode.swift; path = MapViewModel.swift; sourceTree = "<group>"; };
		7CA754A22AF20C3400DEF6A5 /* HomeTabViewModel.swift */ = {isa = PBXFileReference; lastKnownFileType = sourcecode.swift; path = HomeTabViewModel.swift; sourceTree = "<group>"; };
		7CA754A52AF20C7E00DEF6A5 /* Const.swift */ = {isa = PBXFileReference; lastKnownFileType = sourcecode.swift; path = Const.swift; sourceTree = "<group>"; };
		7CA754A72AF20C8B00DEF6A5 /* Network.swift */ = {isa = PBXFileReference; lastKnownFileType = sourcecode.swift; path = Network.swift; sourceTree = "<group>"; };
		7CA754A92AF20C9E00DEF6A5 /* TvNetwork.swift */ = {isa = PBXFileReference; lastKnownFileType = sourcecode.swift; path = TvNetwork.swift; sourceTree = "<group>"; };
		7CA754AB2AF20EFD00DEF6A5 /* MovieNetwork.swift */ = {isa = PBXFileReference; lastKnownFileType = sourcecode.swift; path = MovieNetwork.swift; sourceTree = "<group>"; };
		7CA754AD2AF2116D00DEF6A5 /* HomeTabTableViewCell.swift */ = {isa = PBXFileReference; lastKnownFileType = sourcecode.swift; path = HomeTabTableViewCell.swift; sourceTree = "<group>"; };
		7CAE57402AE7B5770022546F /* MVVM_C.app */ = {isa = PBXFileReference; explicitFileType = wrapper.application; includeInIndex = 0; path = MVVM_C.app; sourceTree = BUILT_PRODUCTS_DIR; };
		7CAE57432AE7B5770022546F /* AppDelegate.swift */ = {isa = PBXFileReference; lastKnownFileType = sourcecode.swift; path = AppDelegate.swift; sourceTree = "<group>"; };
		7CAE57452AE7B5770022546F /* SceneDelegate.swift */ = {isa = PBXFileReference; lastKnownFileType = sourcecode.swift; path = SceneDelegate.swift; sourceTree = "<group>"; };
		7CAE574C2AE7B5790022546F /* Assets.xcassets */ = {isa = PBXFileReference; lastKnownFileType = folder.assetcatalog; path = Assets.xcassets; sourceTree = "<group>"; };
		7CAE574F2AE7B5790022546F /* Base */ = {isa = PBXFileReference; lastKnownFileType = file.storyboard; name = Base; path = Base.lproj/LaunchScreen.storyboard; sourceTree = "<group>"; };
		7CAE57512AE7B5790022546F /* Info.plist */ = {isa = PBXFileReference; lastKnownFileType = text.plist.xml; path = Info.plist; sourceTree = "<group>"; };
		7CAE57692AE7B6D50022546F /* Coordinator.swift */ = {isa = PBXFileReference; lastKnownFileType = sourcecode.swift; path = Coordinator.swift; sourceTree = "<group>"; };
		7CBC52A12AF0C9EA00F0E5F7 /* TV.swift */ = {isa = PBXFileReference; lastKnownFileType = sourcecode.swift; path = TV.swift; sourceTree = "<group>"; };
		7CBC52A32AF0CA4700F0E5F7 /* Content.swift */ = {isa = PBXFileReference; lastKnownFileType = sourcecode.swift; path = Content.swift; sourceTree = "<group>"; };
		7CBC52A52AF0CA5100F0E5F7 /* Movie.swift */ = {isa = PBXFileReference; lastKnownFileType = sourcecode.swift; path = Movie.swift; sourceTree = "<group>"; };
		7CBC52A82AF0CA6900F0E5F7 /* MovieResult.swift */ = {isa = PBXFileReference; lastKnownFileType = sourcecode.swift; path = MovieResult.swift; sourceTree = "<group>"; };
		7CBC52AA2AF0CA7400F0E5F7 /* NetworkProvider.swift */ = {isa = PBXFileReference; lastKnownFileType = sourcecode.swift; path = NetworkProvider.swift; sourceTree = "<group>"; };
/* End PBXFileReference section */

/* Begin PBXFrameworksBuildPhase section */
		7CAE573D2AE7B5770022546F /* Frameworks */ = {
			isa = PBXFrameworksBuildPhase;
			buildActionMask = 2147483647;
			files = (
				7CAE57612AE7B5990022546F /* RxRelay in Frameworks */,
				7CA754B12AF213FB00DEF6A5 /* Alamofire in Frameworks */,
				7CAE575F2AE7B5990022546F /* RxCocoa-Dynamic in Frameworks */,
				7CA754B42AF2143900DEF6A5 /* Kingfisher in Frameworks */,
				7CAE575D2AE7B5990022546F /* RxCocoa in Frameworks */,
				7CAE57642AE7B5A40022546F /* SnapKit in Frameworks */,
				7CAE57592AE7B5990022546F /* RxBlocking in Frameworks */,
				7CAE57662AE7B5A40022546F /* SnapKit-Dynamic in Frameworks */,
				7CAE575B2AE7B5990022546F /* RxBlocking-Dynamic in Frameworks */,
			);
			runOnlyForDeploymentPostprocessing = 0;
		};
/* End PBXFrameworksBuildPhase section */

/* Begin PBXGroup section */
		7C2ED0F92AED2BEC00C2433C /* Presentation */ = {
			isa = PBXGroup;
			children = (
				7C2ED0FA2AED2BFC00C2433C /* AppCoordinater.swift */,
				7C2ED0FC2AED2C0E00C2433C /* LoginScene */,
				7C2ED1022AED2C4700C2433C /* MainScene */,
			);
			name = Presentation;
			path = MVVM_C/Presentation;
			sourceTree = SOURCE_ROOT;
		};
		7C2ED0FC2AED2C0E00C2433C /* LoginScene */ = {
			isa = PBXGroup;
			children = (
				7C2ED0FD2AED2C1E00C2433C /* LoginCoordinator.swift */,
				7C2ED0FF2AED2C2300C2433C /* View */,
				7C2ED10D2AED2C9500C2433C /* ViewModel */,
				7C54287E2AED38A800BC6886 /* DetailInfoInputScene */,
			);
			path = LoginScene;
			sourceTree = "<group>";
		};
		7C2ED0FF2AED2C2300C2433C /* View */ = {
			isa = PBXGroup;
			children = (
				7C2ED1002AED2C2C00C2433C /* LoginViewController.swift */,
			);
			path = View;
			sourceTree = "<group>";
		};
		7C2ED1022AED2C4700C2433C /* MainScene */ = {
			isa = PBXGroup;
			children = (
				7C2ED1052AED2C7C00C2433C /* MainTabBarCoordinator.swift */,
				7C2ED10B2AED2C8400C2433C /* View */,
				7C2ED10C2AED2C8C00C2433C /* ViewModel */,
				7C54288A2AEE908400BC6886 /* HomeTab */,
				7C54288B2AEE908B00BC6886 /* MapTab */,
				7C54288C2AEE909700BC6886 /* InfoTab */,
			);
			path = MainScene;
			sourceTree = "<group>";
		};
		7C2ED10B2AED2C8400C2433C /* View */ = {
			isa = PBXGroup;
			children = (
				7C2ED1062AED2C7C00C2433C /* MainTapBarController.swift */,
			);
			path = View;
			sourceTree = "<group>";
		};
		7C2ED10C2AED2C8C00C2433C /* ViewModel */ = {
			isa = PBXGroup;
			children = (
				7C2ED1092AED2C8000C2433C /* MainTabViewModel.swift */,
			);
			path = ViewModel;
			sourceTree = "<group>";
		};
		7C2ED10D2AED2C9500C2433C /* ViewModel */ = {
			isa = PBXGroup;
			children = (
				7C2ED10E2AED2CAC00C2433C /* LoginViewModel.swift */,
			);
			path = ViewModel;
			sourceTree = "<group>";
		};
		7C54287E2AED38A800BC6886 /* DetailInfoInputScene */ = {
			isa = PBXGroup;
			children = (
				7C5AA5A72AF242610060ACFA /* DetailInfoInputCoordinator.swift */,
				7C5428812AED390B00BC6886 /* View */,
				7C5428822AED390F00BC6886 /* ViewModel */,
			);
			path = DetailInfoInputScene;
			sourceTree = "<group>";
		};
		7C5428812AED390B00BC6886 /* View */ = {
			isa = PBXGroup;
			children = (
				7C5428852AED393400BC6886 /* DetailInfoViewController.swift */,
			);
			path = View;
			sourceTree = "<group>";
		};
		7C5428822AED390F00BC6886 /* ViewModel */ = {
			isa = PBXGroup;
			children = (
				7C5428832AED392200BC6886 /* DetailInfoInputViewModel.swift */,
			);
			path = ViewModel;
			sourceTree = "<group>";
		};
		7C54288A2AEE908400BC6886 /* HomeTab */ = {
			isa = PBXGroup;
			children = (
				7C54288D2AEE916200BC6886 /* HomeTabCoordinator.swift */,
				7C5428932AEE919200BC6886 /* View */,
				7CA754A12AF20C1D00DEF6A5 /* ViewModel */,
			);
			path = HomeTab;
			sourceTree = "<group>";
		};
		7C54288B2AEE908B00BC6886 /* MapTab */ = {
			isa = PBXGroup;
			children = (
				7C54288F2AEE917000BC6886 /* MapTabCoordinator.swift */,
				7C5428972AEE91AE00BC6886 /* View */,
			);
			path = MapTab;
			sourceTree = "<group>";
		};
		7C54288C2AEE909700BC6886 /* InfoTab */ = {
			isa = PBXGroup;
			children = (
				7C5428912AEE917A00BC6886 /* InfoTabCoordinator.swift */,
				7C54289C2AEE91D500BC6886 /* View */,
				7C54289B2AEE91C900BC6886 /* ViewModel */,
			);
			path = InfoTab;
			sourceTree = "<group>";
		};
		7C5428932AEE919200BC6886 /* View */ = {
			isa = PBXGroup;
			children = (
				7C5428942AEE91A200BC6886 /* HomeViewController.swift */,
				7CA754AD2AF2116D00DEF6A5 /* HomeTabTableViewCell.swift */,
			);
			path = View;
			sourceTree = "<group>";
		};
		7C5428972AEE91AE00BC6886 /* View */ = {
			isa = PBXGroup;
			children = (
				7C5428992AEE91C100BC6886 /* MapViewController.swift */,
			);
			path = View;
			sourceTree = "<group>";
		};

		7C54289B2AEE91C900BC6886 /* ViewModel */ = {
			isa = PBXGroup;
			children = (
			);
			path = ViewModel;
			sourceTree = "<group>";
		};
		7C54289C2AEE91D500BC6886 /* View */ = {
			isa = PBXGroup;
			children = (
				7C54289D2AEE91E400BC6886 /* InfoViewController.swift */,
			);
			path = View;
			sourceTree = "<group>";
		};
		7CA754A12AF20C1D00DEF6A5 /* ViewModel */ = {
			isa = PBXGroup;
			children = (
				7CA754A22AF20C3400DEF6A5 /* HomeTabViewModel.swift */,
			);
			name = ViewModel;
			path = ViewModel/ViewModel;
			sourceTree = "<group>";
		};
		7CA754A42AF20C3B00DEF6A5 /* Network */ = {
			isa = PBXGroup;
			children = (
				7CA754A52AF20C7E00DEF6A5 /* Const.swift */,
				7CA754A72AF20C8B00DEF6A5 /* Network.swift */,
				7CA754A92AF20C9E00DEF6A5 /* TvNetwork.swift */,
				7CA754AB2AF20EFD00DEF6A5 /* MovieNetwork.swift */,
			);
			path = Network;
			sourceTree = "<group>";
		};
		7CAE57372AE7B5770022546F = {
			isa = PBXGroup;
			children = (
				7CAE57422AE7B5770022546F /* MVVM_C */,
				7CAE57412AE7B5770022546F /* Products */,
			);
			sourceTree = "<group>";
		};
		7CAE57412AE7B5770022546F /* Products */ = {
			isa = PBXGroup;
			children = (
				7CAE57402AE7B5770022546F /* MVVM_C.app */,
			);
			name = Products;
			sourceTree = "<group>";
		};
		7CAE57422AE7B5770022546F /* MVVM_C */ = {
			isa = PBXGroup;
			children = (
				7CAE57672AE7B67A0022546F /* App */,
				7CA754A42AF20C3B00DEF6A5 /* Network */,
				7CBC52A02AF0C99C00F0E5F7 /* Entity */,
				7CAE574C2AE7B5790022546F /* Assets.xcassets */,
				7CAE574E2AE7B5790022546F /* LaunchScreen.storyboard */,
				7CAE57512AE7B5790022546F /* Info.plist */,
			);
			path = MVVM_C;
			sourceTree = "<group>";
		};
		7CAE57672AE7B67A0022546F /* App */ = {
			isa = PBXGroup;
			children = (
				7CAE57432AE7B5770022546F /* AppDelegate.swift */,
				7CAE57452AE7B5770022546F /* SceneDelegate.swift */,
				7CAE57692AE7B6D50022546F /* Coordinator.swift */,
				7C2ED0F92AED2BEC00C2433C /* Presentation */,
			);
			path = App;
			sourceTree = "<group>";
		};
		7CBC52A02AF0C99C00F0E5F7 /* Entity */ = {
			isa = PBXGroup;
			children = (
				7CBC52A12AF0C9EA00F0E5F7 /* TV.swift */,
				7CBC52A32AF0CA4700F0E5F7 /* Content.swift */,
				7CBC52A52AF0CA5100F0E5F7 /* Movie.swift */,
				7CBC52A82AF0CA6900F0E5F7 /* MovieResult.swift */,
				7CBC52AA2AF0CA7400F0E5F7 /* NetworkProvider.swift */,
			);
			path = Entity;
			sourceTree = "<group>";
		};
/* End PBXGroup section */

/* Begin PBXNativeTarget section */
		7CAE573F2AE7B5770022546F /* MVVM_C */ = {
			isa = PBXNativeTarget;
			buildConfigurationList = 7CAE57542AE7B5790022546F /* Build configuration list for PBXNativeTarget "MVVM_C" */;
			buildPhases = (
				7CAE573C2AE7B5770022546F /* Sources */,
				7CAE573D2AE7B5770022546F /* Frameworks */,
				7CAE573E2AE7B5770022546F /* Resources */,
			);
			buildRules = (
			);
			dependencies = (
			);
			name = MVVM_C;
			packageProductDependencies = (
				7CAE57582AE7B5990022546F /* RxBlocking */,
				7CAE575A2AE7B5990022546F /* RxBlocking-Dynamic */,
				7CAE575C2AE7B5990022546F /* RxCocoa */,
				7CAE575E2AE7B5990022546F /* RxCocoa-Dynamic */,
				7CAE57602AE7B5990022546F /* RxRelay */,
				7CAE57632AE7B5A40022546F /* SnapKit */,
				7CAE57652AE7B5A40022546F /* SnapKit-Dynamic */,
				7CA754B02AF213FB00DEF6A5 /* Alamofire */,
				7CA754B32AF2143900DEF6A5 /* Kingfisher */,
			);
			productName = MVVM_C;
			productReference = 7CAE57402AE7B5770022546F /* MVVM_C.app */;
			productType = "com.apple.product-type.application";
		};
/* End PBXNativeTarget section */

/* Begin PBXProject section */
		7CAE57382AE7B5770022546F /* Project object */ = {
			isa = PBXProject;
			attributes = {
				BuildIndependentTargetsInParallel = 1;
				LastSwiftUpdateCheck = 1500;
				LastUpgradeCheck = 1500;
				TargetAttributes = {
					7CAE573F2AE7B5770022546F = {
						CreatedOnToolsVersion = 15.0.1;
					};
				};
			};
			buildConfigurationList = 7CAE573B2AE7B5770022546F /* Build configuration list for PBXProject "MVVM_C" */;
			compatibilityVersion = "Xcode 14.0";
			developmentRegion = en;
			hasScannedForEncodings = 0;
			knownRegions = (
				en,
				Base,
			);
			mainGroup = 7CAE57372AE7B5770022546F;
			packageReferences = (
				7CAE57572AE7B5990022546F /* XCRemoteSwiftPackageReference "RxSwift" */,
				7CAE57622AE7B5A40022546F /* XCRemoteSwiftPackageReference "SnapKit" */,
				7CA754AF2AF213FB00DEF6A5 /* XCRemoteSwiftPackageReference "Alamofire" */,
				7CA754B22AF2143900DEF6A5 /* XCRemoteSwiftPackageReference "Kingfisher" */,
			);
			productRefGroup = 7CAE57412AE7B5770022546F /* Products */;
			projectDirPath = "";
			projectRoot = "";
			targets = (
				7CAE573F2AE7B5770022546F /* MVVM_C */,
			);
		};
/* End PBXProject section */

/* Begin PBXResourcesBuildPhase section */
		7CAE573E2AE7B5770022546F /* Resources */ = {
			isa = PBXResourcesBuildPhase;
			buildActionMask = 2147483647;
			files = (
				7CAE57502AE7B5790022546F /* LaunchScreen.storyboard in Resources */,
				7CAE574D2AE7B5790022546F /* Assets.xcassets in Resources */,
			);
			runOnlyForDeploymentPostprocessing = 0;
		};
/* End PBXResourcesBuildPhase section */

/* Begin PBXSourcesBuildPhase section */
		7CAE573C2AE7B5770022546F /* Sources */ = {
			isa = PBXSourcesBuildPhase;
			buildActionMask = 2147483647;
			files = (
				7C5AA5AB2AF2BEA60060ACFA /* MapViewModel.swift in Sources */,
				7CA754A82AF20C8B00DEF6A5 /* Network.swift in Sources */,
				7C5428842AED392200BC6886 /* DetailInfoInputViewModel.swift in Sources */,
				7CBC52A92AF0CA6900F0E5F7 /* MovieResult.swift in Sources */,
				7C2ED1012AED2C2C00C2433C /* LoginViewController.swift in Sources */,
				7C2ED1072AED2C7C00C2433C /* MainTabBarCoordinator.swift in Sources */,
				7CBC52AB2AF0CA7400F0E5F7 /* NetworkProvider.swift in Sources */,
				7CBC52A42AF0CA4700F0E5F7 /* Content.swift in Sources */,
				7CA754AC2AF20EFD00DEF6A5 /* MovieNetwork.swift in Sources */,
				7CA754AE2AF2116D00DEF6A5 /* HomeTabTableViewCell.swift in Sources */,
				7C5428952AEE91A200BC6886 /* HomeViewController.swift in Sources */,
				7CAE57442AE7B5770022546F /* AppDelegate.swift in Sources */,
				7CAE57462AE7B5770022546F /* SceneDelegate.swift in Sources */,
				7C5AA5A82AF242610060ACFA /* DetailInfoInputCoordinator.swift in Sources */,
				7C5428862AED393400BC6886 /* DetailInfoViewController.swift in Sources */,
				7C5428902AEE917000BC6886 /* MapTabCoordinator.swift in Sources */,
				7C2ED0FE2AED2C1E00C2433C /* LoginCoordinator.swift in Sources */,
				7C2ED0FB2AED2BFC00C2433C /* AppCoordinater.swift in Sources */,
				7CA754AA2AF20C9E00DEF6A5 /* TvNetwork.swift in Sources */,
				7C5428922AEE917A00BC6886 /* InfoTabCoordinator.swift in Sources */,
				7CAE576A2AE7B6D50022546F /* Coordinator.swift in Sources */,
				7C54289A2AEE91C100BC6886 /* MapViewController.swift in Sources */,
				7CBC52A62AF0CA5100F0E5F7 /* Movie.swift in Sources */,
				7C2ED1082AED2C7C00C2433C /* MainTapBarController.swift in Sources */,
				7C54288E2AEE916200BC6886 /* HomeTabCoordinator.swift in Sources */,
				7CA754A62AF20C7E00DEF6A5 /* Const.swift in Sources */,
				7C2ED10F2AED2CAC00C2433C /* LoginViewModel.swift in Sources */,
				7C2ED10A2AED2C8000C2433C /* MainTabViewModel.swift in Sources */,
				7CA754A32AF20C3400DEF6A5 /* HomeTabViewModel.swift in Sources */,
				7CBC52A22AF0C9EA00F0E5F7 /* TV.swift in Sources */,
				7C54289E2AEE91E400BC6886 /* InfoViewController.swift in Sources */,
			);
			runOnlyForDeploymentPostprocessing = 0;
		};
/* End PBXSourcesBuildPhase section */

/* Begin PBXVariantGroup section */
		7CAE574E2AE7B5790022546F /* LaunchScreen.storyboard */ = {
			isa = PBXVariantGroup;
			children = (
				7CAE574F2AE7B5790022546F /* Base */,
			);
			name = LaunchScreen.storyboard;
			sourceTree = "<group>";
		};
/* End PBXVariantGroup section */

/* Begin XCBuildConfiguration section */
		7CAE57522AE7B5790022546F /* Debug */ = {
			isa = XCBuildConfiguration;
			buildSettings = {
				ALWAYS_SEARCH_USER_PATHS = NO;
				ASSETCATALOG_COMPILER_GENERATE_SWIFT_ASSET_SYMBOL_EXTENSIONS = YES;
				CLANG_ANALYZER_NONNULL = YES;
				CLANG_ANALYZER_NUMBER_OBJECT_CONVERSION = YES_AGGRESSIVE;
				CLANG_CXX_LANGUAGE_STANDARD = "gnu++20";
				CLANG_ENABLE_MODULES = YES;
				CLANG_ENABLE_OBJC_ARC = YES;
				CLANG_ENABLE_OBJC_WEAK = YES;
				CLANG_WARN_BLOCK_CAPTURE_AUTORELEASING = YES;
				CLANG_WARN_BOOL_CONVERSION = YES;
				CLANG_WARN_COMMA = YES;
				CLANG_WARN_CONSTANT_CONVERSION = YES;
				CLANG_WARN_DEPRECATED_OBJC_IMPLEMENTATIONS = YES;
				CLANG_WARN_DIRECT_OBJC_ISA_USAGE = YES_ERROR;
				CLANG_WARN_DOCUMENTATION_COMMENTS = YES;
				CLANG_WARN_EMPTY_BODY = YES;
				CLANG_WARN_ENUM_CONVERSION = YES;
				CLANG_WARN_INFINITE_RECURSION = YES;
				CLANG_WARN_INT_CONVERSION = YES;
				CLANG_WARN_NON_LITERAL_NULL_CONVERSION = YES;
				CLANG_WARN_OBJC_IMPLICIT_RETAIN_SELF = YES;
				CLANG_WARN_OBJC_LITERAL_CONVERSION = YES;
				CLANG_WARN_OBJC_ROOT_CLASS = YES_ERROR;
				CLANG_WARN_QUOTED_INCLUDE_IN_FRAMEWORK_HEADER = YES;
				CLANG_WARN_RANGE_LOOP_ANALYSIS = YES;
				CLANG_WARN_STRICT_PROTOTYPES = YES;
				CLANG_WARN_SUSPICIOUS_MOVE = YES;
				CLANG_WARN_UNGUARDED_AVAILABILITY = YES_AGGRESSIVE;
				CLANG_WARN_UNREACHABLE_CODE = YES;
				CLANG_WARN__DUPLICATE_METHOD_MATCH = YES;
				COPY_PHASE_STRIP = NO;
				DEBUG_INFORMATION_FORMAT = dwarf;
				ENABLE_STRICT_OBJC_MSGSEND = YES;
				ENABLE_TESTABILITY = YES;
				ENABLE_USER_SCRIPT_SANDBOXING = YES;
				GCC_C_LANGUAGE_STANDARD = gnu17;
				GCC_DYNAMIC_NO_PIC = NO;
				GCC_NO_COMMON_BLOCKS = YES;
				GCC_OPTIMIZATION_LEVEL = 0;
				GCC_PREPROCESSOR_DEFINITIONS = (
					"DEBUG=1",
					"$(inherited)",
				);
				GCC_WARN_64_TO_32_BIT_CONVERSION = YES;
				GCC_WARN_ABOUT_RETURN_TYPE = YES_ERROR;
				GCC_WARN_UNDECLARED_SELECTOR = YES;
				GCC_WARN_UNINITIALIZED_AUTOS = YES_AGGRESSIVE;
				GCC_WARN_UNUSED_FUNCTION = YES;
				GCC_WARN_UNUSED_VARIABLE = YES;
				IPHONEOS_DEPLOYMENT_TARGET = 17.0;
				LOCALIZATION_PREFERS_STRING_CATALOGS = YES;
				MTL_ENABLE_DEBUG_INFO = INCLUDE_SOURCE;
				MTL_FAST_MATH = YES;
				ONLY_ACTIVE_ARCH = YES;
				SDKROOT = iphoneos;
				SWIFT_ACTIVE_COMPILATION_CONDITIONS = "DEBUG $(inherited)";
				SWIFT_OPTIMIZATION_LEVEL = "-Onone";
			};
			name = Debug;
		};
		7CAE57532AE7B5790022546F /* Release */ = {
			isa = XCBuildConfiguration;
			buildSettings = {
				ALWAYS_SEARCH_USER_PATHS = NO;
				ASSETCATALOG_COMPILER_GENERATE_SWIFT_ASSET_SYMBOL_EXTENSIONS = YES;
				CLANG_ANALYZER_NONNULL = YES;
				CLANG_ANALYZER_NUMBER_OBJECT_CONVERSION = YES_AGGRESSIVE;
				CLANG_CXX_LANGUAGE_STANDARD = "gnu++20";
				CLANG_ENABLE_MODULES = YES;
				CLANG_ENABLE_OBJC_ARC = YES;
				CLANG_ENABLE_OBJC_WEAK = YES;
				CLANG_WARN_BLOCK_CAPTURE_AUTORELEASING = YES;
				CLANG_WARN_BOOL_CONVERSION = YES;
				CLANG_WARN_COMMA = YES;
				CLANG_WARN_CONSTANT_CONVERSION = YES;
				CLANG_WARN_DEPRECATED_OBJC_IMPLEMENTATIONS = YES;
				CLANG_WARN_DIRECT_OBJC_ISA_USAGE = YES_ERROR;
				CLANG_WARN_DOCUMENTATION_COMMENTS = YES;
				CLANG_WARN_EMPTY_BODY = YES;
				CLANG_WARN_ENUM_CONVERSION = YES;
				CLANG_WARN_INFINITE_RECURSION = YES;
				CLANG_WARN_INT_CONVERSION = YES;
				CLANG_WARN_NON_LITERAL_NULL_CONVERSION = YES;
				CLANG_WARN_OBJC_IMPLICIT_RETAIN_SELF = YES;
				CLANG_WARN_OBJC_LITERAL_CONVERSION = YES;
				CLANG_WARN_OBJC_ROOT_CLASS = YES_ERROR;
				CLANG_WARN_QUOTED_INCLUDE_IN_FRAMEWORK_HEADER = YES;
				CLANG_WARN_RANGE_LOOP_ANALYSIS = YES;
				CLANG_WARN_STRICT_PROTOTYPES = YES;
				CLANG_WARN_SUSPICIOUS_MOVE = YES;
				CLANG_WARN_UNGUARDED_AVAILABILITY = YES_AGGRESSIVE;
				CLANG_WARN_UNREACHABLE_CODE = YES;
				CLANG_WARN__DUPLICATE_METHOD_MATCH = YES;
				COPY_PHASE_STRIP = NO;
				DEBUG_INFORMATION_FORMAT = "dwarf-with-dsym";
				ENABLE_NS_ASSERTIONS = NO;
				ENABLE_STRICT_OBJC_MSGSEND = YES;
				ENABLE_USER_SCRIPT_SANDBOXING = YES;
				GCC_C_LANGUAGE_STANDARD = gnu17;
				GCC_NO_COMMON_BLOCKS = YES;
				GCC_WARN_64_TO_32_BIT_CONVERSION = YES;
				GCC_WARN_ABOUT_RETURN_TYPE = YES_ERROR;
				GCC_WARN_UNDECLARED_SELECTOR = YES;
				GCC_WARN_UNINITIALIZED_AUTOS = YES_AGGRESSIVE;
				GCC_WARN_UNUSED_FUNCTION = YES;
				GCC_WARN_UNUSED_VARIABLE = YES;
				IPHONEOS_DEPLOYMENT_TARGET = 17.0;
				LOCALIZATION_PREFERS_STRING_CATALOGS = YES;
				MTL_ENABLE_DEBUG_INFO = NO;
				MTL_FAST_MATH = YES;
				SDKROOT = iphoneos;
				SWIFT_COMPILATION_MODE = wholemodule;
				VALIDATE_PRODUCT = YES;
			};
			name = Release;
		};
		7CAE57552AE7B5790022546F /* Debug */ = {
			isa = XCBuildConfiguration;
			buildSettings = {
				ASSETCATALOG_COMPILER_APPICON_NAME = AppIcon;
				ASSETCATALOG_COMPILER_GLOBAL_ACCENT_COLOR_NAME = AccentColor;
				CODE_SIGN_STYLE = Automatic;
				CURRENT_PROJECT_VERSION = 1;
				DEVELOPMENT_TEAM = W6X76DS4Z7;
				GENERATE_INFOPLIST_FILE = YES;
				INFOPLIST_FILE = MVVM_C/Info.plist;
				INFOPLIST_KEY_UIApplicationSupportsIndirectInputEvents = YES;
				INFOPLIST_KEY_UILaunchStoryboardName = LaunchScreen;
				INFOPLIST_KEY_UISupportedInterfaceOrientations_iPad = "UIInterfaceOrientationPortrait UIInterfaceOrientationPortraitUpsideDown UIInterfaceOrientationLandscapeLeft UIInterfaceOrientationLandscapeRight";
				INFOPLIST_KEY_UISupportedInterfaceOrientations_iPhone = "UIInterfaceOrientationPortrait UIInterfaceOrientationLandscapeLeft UIInterfaceOrientationLandscapeRight";
				LD_RUNPATH_SEARCH_PATHS = (
					"$(inherited)",
					"@executable_path/Frameworks",
				);
				MARKETING_VERSION = 1.0;
				PRODUCT_BUNDLE_IDENTIFIER = "com.thekoon.MVVM-C";
				PRODUCT_NAME = "$(TARGET_NAME)";
				SWIFT_EMIT_LOC_STRINGS = YES;
				SWIFT_VERSION = 5.0;
				TARGETED_DEVICE_FAMILY = "1,2";
			};
			name = Debug;
		};
		7CAE57562AE7B5790022546F /* Release */ = {
			isa = XCBuildConfiguration;
			buildSettings = {
				ASSETCATALOG_COMPILER_APPICON_NAME = AppIcon;
				ASSETCATALOG_COMPILER_GLOBAL_ACCENT_COLOR_NAME = AccentColor;
				CODE_SIGN_STYLE = Automatic;
				CURRENT_PROJECT_VERSION = 1;
				DEVELOPMENT_TEAM = W6X76DS4Z7;
				GENERATE_INFOPLIST_FILE = YES;
				INFOPLIST_FILE = MVVM_C/Info.plist;
				INFOPLIST_KEY_UIApplicationSupportsIndirectInputEvents = YES;
				INFOPLIST_KEY_UILaunchStoryboardName = LaunchScreen;
				INFOPLIST_KEY_UISupportedInterfaceOrientations_iPad = "UIInterfaceOrientationPortrait UIInterfaceOrientationPortraitUpsideDown UIInterfaceOrientationLandscapeLeft UIInterfaceOrientationLandscapeRight";
				INFOPLIST_KEY_UISupportedInterfaceOrientations_iPhone = "UIInterfaceOrientationPortrait UIInterfaceOrientationLandscapeLeft UIInterfaceOrientationLandscapeRight";
				LD_RUNPATH_SEARCH_PATHS = (
					"$(inherited)",
					"@executable_path/Frameworks",
				);
				MARKETING_VERSION = 1.0;
				PRODUCT_BUNDLE_IDENTIFIER = "com.thekoon.MVVM-C";
				PRODUCT_NAME = "$(TARGET_NAME)";
				SWIFT_EMIT_LOC_STRINGS = YES;
				SWIFT_VERSION = 5.0;
				TARGETED_DEVICE_FAMILY = "1,2";
			};
			name = Release;
		};
/* End XCBuildConfiguration section */

/* Begin XCConfigurationList section */
		7CAE573B2AE7B5770022546F /* Build configuration list for PBXProject "MVVM_C" */ = {
			isa = XCConfigurationList;
			buildConfigurations = (
				7CAE57522AE7B5790022546F /* Debug */,
				7CAE57532AE7B5790022546F /* Release */,
			);
			defaultConfigurationIsVisible = 0;
			defaultConfigurationName = Release;
		};
		7CAE57542AE7B5790022546F /* Build configuration list for PBXNativeTarget "MVVM_C" */ = {
			isa = XCConfigurationList;
			buildConfigurations = (
				7CAE57552AE7B5790022546F /* Debug */,
				7CAE57562AE7B5790022546F /* Release */,
			);
			defaultConfigurationIsVisible = 0;
			defaultConfigurationName = Release;
		};
/* End XCConfigurationList section */

/* Begin XCRemoteSwiftPackageReference section */
		7CA754AF2AF213FB00DEF6A5 /* XCRemoteSwiftPackageReference "Alamofire" */ = {
			isa = XCRemoteSwiftPackageReference;
			repositoryURL = "https://github.com/Alamofire/Alamofire";
			requirement = {
				kind = upToNextMajorVersion;
				minimumVersion = 5.8.1;
			};
		};
		7CA754B22AF2143900DEF6A5 /* XCRemoteSwiftPackageReference "Kingfisher" */ = {
			isa = XCRemoteSwiftPackageReference;
			repositoryURL = "https://github.com/onevcat/Kingfisher";
			requirement = {
				kind = upToNextMajorVersion;
				minimumVersion = 7.10.0;
			};
		};
		7CAE57572AE7B5990022546F /* XCRemoteSwiftPackageReference "RxSwift" */ = {
			isa = XCRemoteSwiftPackageReference;
			repositoryURL = "https://github.com/ReactiveX/RxSwift";
			requirement = {
				kind = upToNextMajorVersion;
				minimumVersion = 6.6.0;
			};
		};
		7CAE57622AE7B5A40022546F /* XCRemoteSwiftPackageReference "SnapKit" */ = {
			isa = XCRemoteSwiftPackageReference;
			repositoryURL = "https://github.com/SnapKit/SnapKit";
			requirement = {
				kind = upToNextMajorVersion;
				minimumVersion = 5.6.0;
			};
		};
/* End XCRemoteSwiftPackageReference section */

/* Begin XCSwiftPackageProductDependency section */
		7CA754B02AF213FB00DEF6A5 /* Alamofire */ = {
			isa = XCSwiftPackageProductDependency;
			package = 7CA754AF2AF213FB00DEF6A5 /* XCRemoteSwiftPackageReference "Alamofire" */;
			productName = Alamofire;
		};
		7CA754B32AF2143900DEF6A5 /* Kingfisher */ = {
			isa = XCSwiftPackageProductDependency;
			package = 7CA754B22AF2143900DEF6A5 /* XCRemoteSwiftPackageReference "Kingfisher" */;
			productName = Kingfisher;
		};
		7CAE57582AE7B5990022546F /* RxBlocking */ = {
			isa = XCSwiftPackageProductDependency;
			package = 7CAE57572AE7B5990022546F /* XCRemoteSwiftPackageReference "RxSwift" */;
			productName = RxBlocking;
		};
		7CAE575A2AE7B5990022546F /* RxBlocking-Dynamic */ = {
			isa = XCSwiftPackageProductDependency;
			package = 7CAE57572AE7B5990022546F /* XCRemoteSwiftPackageReference "RxSwift" */;
			productName = "RxBlocking-Dynamic";
		};
		7CAE575C2AE7B5990022546F /* RxCocoa */ = {
			isa = XCSwiftPackageProductDependency;
			package = 7CAE57572AE7B5990022546F /* XCRemoteSwiftPackageReference "RxSwift" */;
			productName = RxCocoa;
		};
		7CAE575E2AE7B5990022546F /* RxCocoa-Dynamic */ = {
			isa = XCSwiftPackageProductDependency;
			package = 7CAE57572AE7B5990022546F /* XCRemoteSwiftPackageReference "RxSwift" */;
			productName = "RxCocoa-Dynamic";
		};
		7CAE57602AE7B5990022546F /* RxRelay */ = {
			isa = XCSwiftPackageProductDependency;
			package = 7CAE57572AE7B5990022546F /* XCRemoteSwiftPackageReference "RxSwift" */;
			productName = RxRelay;
		};
		7CAE57632AE7B5A40022546F /* SnapKit */ = {
			isa = XCSwiftPackageProductDependency;
			package = 7CAE57622AE7B5A40022546F /* XCRemoteSwiftPackageReference "SnapKit" */;
			productName = SnapKit;
		};
		7CAE57652AE7B5A40022546F /* SnapKit-Dynamic */ = {
			isa = XCSwiftPackageProductDependency;
			package = 7CAE57622AE7B5A40022546F /* XCRemoteSwiftPackageReference "SnapKit" */;
			productName = "SnapKit-Dynamic";
		};
/* End XCSwiftPackageProductDependency section */
	};
	rootObject = 7CAE57382AE7B5770022546F /* Project object */;
}
