// !$*UTF8*$!
{
	archiveVersion = 1;
	classes = {
	};
	objectVersion = 56;
	objects = {

/* Begin PBXBuildFile section */
		7CAF8FBA2A9F8FC700D3D605 /* AppDelegate.swift in Sources */ = {isa = PBXBuildFile; fileRef = 7CAF8FB92A9F8FC700D3D605 /* AppDelegate.swift */; };
		7CAF8FBC2A9F8FC700D3D605 /* SceneDelegate.swift in Sources */ = {isa = PBXBuildFile; fileRef = 7CAF8FBB2A9F8FC700D3D605 /* SceneDelegate.swift */; };
		7CAF8FBE2A9F8FC700D3D605 /* ViewController.swift in Sources */ = {isa = PBXBuildFile; fileRef = 7CAF8FBD2A9F8FC700D3D605 /* ViewController.swift */; };
		7CAF8FC12A9F8FC700D3D605 /* Main.storyboard in Resources */ = {isa = PBXBuildFile; fileRef = 7CAF8FBF2A9F8FC700D3D605 /* Main.storyboard */; };
		7CAF8FC32A9F8FC800D3D605 /* Assets.xcassets in Resources */ = {isa = PBXBuildFile; fileRef = 7CAF8FC22A9F8FC800D3D605 /* Assets.xcassets */; };
		7CAF8FC62A9F8FC800D3D605 /* LaunchScreen.storyboard in Resources */ = {isa = PBXBuildFile; fileRef = 7CAF8FC42A9F8FC800D3D605 /* LaunchScreen.storyboard */; };
		7CAF8FCE2A9F910800D3D605 /* Item.swift in Sources */ = {isa = PBXBuildFile; fileRef = 7CAF8FCD2A9F910800D3D605 /* Item.swift */; };
		7CAF8FD02A9F916600D3D605 /* BannerCollectionViewCell.swift in Sources */ = {isa = PBXBuildFile; fileRef = 7CAF8FCF2A9F916600D3D605 /* BannerCollectionViewCell.swift */; };
		7CAF8FD32A9F924B00D3D605 /* SnapKit in Frameworks */ = {isa = PBXBuildFile; productRef = 7CAF8FD22A9F924B00D3D605 /* SnapKit */; };
		7CAF8FD62A9FA65F00D3D605 /* Kingfisher in Frameworks */ = {isa = PBXBuildFile; productRef = 7CAF8FD52A9FA65F00D3D605 /* Kingfisher */; };
/* End PBXBuildFile section */

/* Begin PBXFileReference section */
		7CAF8FB62A9F8FC700D3D605 /* ModernCollectionView.app */ = {isa = PBXFileReference; explicitFileType = wrapper.application; includeInIndex = 0; path = ModernCollectionView.app; sourceTree = BUILT_PRODUCTS_DIR; };
		7CAF8FB92A9F8FC700D3D605 /* AppDelegate.swift */ = {isa = PBXFileReference; lastKnownFileType = sourcecode.swift; path = AppDelegate.swift; sourceTree = "<group>"; };
		7CAF8FBB2A9F8FC700D3D605 /* SceneDelegate.swift */ = {isa = PBXFileReference; lastKnownFileType = sourcecode.swift; path = SceneDelegate.swift; sourceTree = "<group>"; };
		7CAF8FBD2A9F8FC700D3D605 /* ViewController.swift */ = {isa = PBXFileReference; lastKnownFileType = sourcecode.swift; path = ViewController.swift; sourceTree = "<group>"; };
		7CAF8FC02A9F8FC700D3D605 /* Base */ = {isa = PBXFileReference; lastKnownFileType = file.storyboard; name = Base; path = Base.lproj/Main.storyboard; sourceTree = "<group>"; };
		7CAF8FC22A9F8FC800D3D605 /* Assets.xcassets */ = {isa = PBXFileReference; lastKnownFileType = folder.assetcatalog; path = Assets.xcassets; sourceTree = "<group>"; };
		7CAF8FC52A9F8FC800D3D605 /* Base */ = {isa = PBXFileReference; lastKnownFileType = file.storyboard; name = Base; path = Base.lproj/LaunchScreen.storyboard; sourceTree = "<group>"; };
		7CAF8FC72A9F8FC800D3D605 /* Info.plist */ = {isa = PBXFileReference; lastKnownFileType = text.plist.xml; path = Info.plist; sourceTree = "<group>"; };
		7CAF8FCD2A9F910800D3D605 /* Item.swift */ = {isa = PBXFileReference; lastKnownFileType = sourcecode.swift; path = Item.swift; sourceTree = "<group>"; };
		7CAF8FCF2A9F916600D3D605 /* BannerCollectionViewCell.swift */ = {isa = PBXFileReference; lastKnownFileType = sourcecode.swift; path = BannerCollectionViewCell.swift; sourceTree = "<group>"; };
/* End PBXFileReference section */

/* Begin PBXFrameworksBuildPhase section */
		7CAF8FB32A9F8FC700D3D605 /* Frameworks */ = {
			isa = PBXFrameworksBuildPhase;
			buildActionMask = 2147483647;
			files = (
				7CAF8FD62A9FA65F00D3D605 /* Kingfisher in Frameworks */,
				7CAF8FD32A9F924B00D3D605 /* SnapKit in Frameworks */,
			);
			runOnlyForDeploymentPostprocessing = 0;
		};
/* End PBXFrameworksBuildPhase section */

/* Begin PBXGroup section */
		7CAF8FAD2A9F8FC700D3D605 = {
			isa = PBXGroup;
			children = (
				7CAF8FB82A9F8FC700D3D605 /* ModernCollectionView */,
				7CAF8FB72A9F8FC700D3D605 /* Products */,
			);
			sourceTree = "<group>";
		};
		7CAF8FB72A9F8FC700D3D605 /* Products */ = {
			isa = PBXGroup;
			children = (
				7CAF8FB62A9F8FC700D3D605 /* ModernCollectionView.app */,
			);
			name = Products;
			sourceTree = "<group>";
		};
		7CAF8FB82A9F8FC700D3D605 /* ModernCollectionView */ = {
			isa = PBXGroup;
			children = (
				7CAF8FB92A9F8FC700D3D605 /* AppDelegate.swift */,
				7CAF8FBB2A9F8FC700D3D605 /* SceneDelegate.swift */,
				7CAF8FCD2A9F910800D3D605 /* Item.swift */,
				7CAF8FBD2A9F8FC700D3D605 /* ViewController.swift */,
				7CAF8FCF2A9F916600D3D605 /* BannerCollectionViewCell.swift */,
				7CAF8FBF2A9F8FC700D3D605 /* Main.storyboard */,
				7CAF8FC22A9F8FC800D3D605 /* Assets.xcassets */,
				7CAF8FC42A9F8FC800D3D605 /* LaunchScreen.storyboard */,
				7CAF8FC72A9F8FC800D3D605 /* Info.plist */,
			);
			path = ModernCollectionView;
			sourceTree = "<group>";
		};
/* End PBXGroup section */

/* Begin PBXNativeTarget section */
		7CAF8FB52A9F8FC700D3D605 /* ModernCollectionView */ = {
			isa = PBXNativeTarget;
			buildConfigurationList = 7CAF8FCA2A9F8FC800D3D605 /* Build configuration list for PBXNativeTarget "ModernCollectionView" */;
			buildPhases = (
				7CAF8FB22A9F8FC700D3D605 /* Sources */,
				7CAF8FB32A9F8FC700D3D605 /* Frameworks */,
				7CAF8FB42A9F8FC700D3D605 /* Resources */,
			);
			buildRules = (
			);
			dependencies = (
			);
			name = ModernCollectionView;
			packageProductDependencies = (
				7CAF8FD22A9F924B00D3D605 /* SnapKit */,
				7CAF8FD52A9FA65F00D3D605 /* Kingfisher */,
			);
			productName = ModernCollectionView;
			productReference = 7CAF8FB62A9F8FC700D3D605 /* ModernCollectionView.app */;
			productType = "com.apple.product-type.application";
		};
/* End PBXNativeTarget section */

/* Begin PBXProject section */
		7CAF8FAE2A9F8FC700D3D605 /* Project object */ = {
			isa = PBXProject;
			attributes = {
				BuildIndependentTargetsInParallel = 1;
				LastSwiftUpdateCheck = 1430;
				LastUpgradeCheck = 1430;
				TargetAttributes = {
					7CAF8FB52A9F8FC700D3D605 = {
						CreatedOnToolsVersion = 14.3.1;
					};
				};
			};
			buildConfigurationList = 7CAF8FB12A9F8FC700D3D605 /* Build configuration list for PBXProject "ModernCollectionView" */;
			compatibilityVersion = "Xcode 14.0";
			developmentRegion = en;
			hasScannedForEncodings = 0;
			knownRegions = (
				en,
				Base,
			);
			mainGroup = 7CAF8FAD2A9F8FC700D3D605;
			packageReferences = (
				7CAF8FD12A9F924B00D3D605 /* XCRemoteSwiftPackageReference "SnapKit" */,
				7CAF8FD42A9FA65F00D3D605 /* XCRemoteSwiftPackageReference "Kingfisher" */,
			);
			productRefGroup = 7CAF8FB72A9F8FC700D3D605 /* Products */;
			projectDirPath = "";
			projectRoot = "";
			targets = (
				7CAF8FB52A9F8FC700D3D605 /* ModernCollectionView */,
			);
		};
/* End PBXProject section */

/* Begin PBXResourcesBuildPhase section */
		7CAF8FB42A9F8FC700D3D605 /* Resources */ = {
			isa = PBXResourcesBuildPhase;
			buildActionMask = 2147483647;
			files = (
				7CAF8FC62A9F8FC800D3D605 /* LaunchScreen.storyboard in Resources */,
				7CAF8FC32A9F8FC800D3D605 /* Assets.xcassets in Resources */,
				7CAF8FC12A9F8FC700D3D605 /* Main.storyboard in Resources */,
			);
			runOnlyForDeploymentPostprocessing = 0;
		};
/* End PBXResourcesBuildPhase section */

/* Begin PBXSourcesBuildPhase section */
		7CAF8FB22A9F8FC700D3D605 /* Sources */ = {
			isa = PBXSourcesBuildPhase;
			buildActionMask = 2147483647;
			files = (
				7CAF8FCE2A9F910800D3D605 /* Item.swift in Sources */,
				7CAF8FBE2A9F8FC700D3D605 /* ViewController.swift in Sources */,
				7CAF8FBA2A9F8FC700D3D605 /* AppDelegate.swift in Sources */,
				7CAF8FD02A9F916600D3D605 /* BannerCollectionViewCell.swift in Sources */,
				7CAF8FBC2A9F8FC700D3D605 /* SceneDelegate.swift in Sources */,
			);
			runOnlyForDeploymentPostprocessing = 0;
		};
/* End PBXSourcesBuildPhase section */

/* Begin PBXVariantGroup section */
		7CAF8FBF2A9F8FC700D3D605 /* Main.storyboard */ = {
			isa = PBXVariantGroup;
			children = (
				7CAF8FC02A9F8FC700D3D605 /* Base */,
			);
			name = Main.storyboard;
			sourceTree = "<group>";
		};
		7CAF8FC42A9F8FC800D3D605 /* LaunchScreen.storyboard */ = {
			isa = PBXVariantGroup;
			children = (
				7CAF8FC52A9F8FC800D3D605 /* Base */,
			);
			name = LaunchScreen.storyboard;
			sourceTree = "<group>";
		};
/* End PBXVariantGroup section */

/* Begin XCBuildConfiguration section */
		7CAF8FC82A9F8FC800D3D605 /* Debug */ = {
			isa = XCBuildConfiguration;
			buildSettings = {
				ALWAYS_SEARCH_USER_PATHS = NO;
				CLANG_ANALYZER_NONNULL = YES;
				CLANG_ANALYZER_NUMBER_OBJECT_CONVERSION = YES_AGGRESSIVE;
				CLANG_CXX_LANGUAGE_STANDARD = "gnu++20";
				CLANG_ENABLE_MODULES = YES;
				CLANG_ENABLE_OBJC_ARC = YES;
				CLANG_ENABLE_OBJC_WEAK = YES;
				CLANG_WARN_BLOCK_CAPTURE_AUTORELEASING = YES;
				CLANG_WARN_BOOL_CONVERSION = YES;
				CLANG_WARN_COMMA = YES;
				CLANG_WARN_CONSTANT_CONVERSION = YES;
				CLANG_WARN_DEPRECATED_OBJC_IMPLEMENTATIONS = YES;
				CLANG_WARN_DIRECT_OBJC_ISA_USAGE = YES_ERROR;
				CLANG_WARN_DOCUMENTATION_COMMENTS = YES;
				CLANG_WARN_EMPTY_BODY = YES;
				CLANG_WARN_ENUM_CONVERSION = YES;
				CLANG_WARN_INFINITE_RECURSION = YES;
				CLANG_WARN_INT_CONVERSION = YES;
				CLANG_WARN_NON_LITERAL_NULL_CONVERSION = YES;
				CLANG_WARN_OBJC_IMPLICIT_RETAIN_SELF = YES;
				CLANG_WARN_OBJC_LITERAL_CONVERSION = YES;
				CLANG_WARN_OBJC_ROOT_CLASS = YES_ERROR;
				CLANG_WARN_QUOTED_INCLUDE_IN_FRAMEWORK_HEADER = YES;
				CLANG_WARN_RANGE_LOOP_ANALYSIS = YES;
				CLANG_WARN_STRICT_PROTOTYPES = YES;
				CLANG_WARN_SUSPICIOUS_MOVE = YES;
				CLANG_WARN_UNGUARDED_AVAILABILITY = YES_AGGRESSIVE;
				CLANG_WARN_UNREACHABLE_CODE = YES;
				CLANG_WARN__DUPLICATE_METHOD_MATCH = YES;
				COPY_PHASE_STRIP = NO;
				DEBUG_INFORMATION_FORMAT = dwarf;
				ENABLE_STRICT_OBJC_MSGSEND = YES;
				ENABLE_TESTABILITY = YES;
				GCC_C_LANGUAGE_STANDARD = gnu11;
				GCC_DYNAMIC_NO_PIC = NO;
				GCC_NO_COMMON_BLOCKS = YES;
				GCC_OPTIMIZATION_LEVEL = 0;
				GCC_PREPROCESSOR_DEFINITIONS = (
					"DEBUG=1",
					"$(inherited)",
				);
				GCC_WARN_64_TO_32_BIT_CONVERSION = YES;
				GCC_WARN_ABOUT_RETURN_TYPE = YES_ERROR;
				GCC_WARN_UNDECLARED_SELECTOR = YES;
				GCC_WARN_UNINITIALIZED_AUTOS = YES_AGGRESSIVE;
				GCC_WARN_UNUSED_FUNCTION = YES;
				GCC_WARN_UNUSED_VARIABLE = YES;
				IPHONEOS_DEPLOYMENT_TARGET = 16.4;
				MTL_ENABLE_DEBUG_INFO = INCLUDE_SOURCE;
				MTL_FAST_MATH = YES;
				ONLY_ACTIVE_ARCH = YES;
				SDKROOT = iphoneos;
				SWIFT_ACTIVE_COMPILATION_CONDITIONS = DEBUG;
				SWIFT_OPTIMIZATION_LEVEL = "-Onone";
			};
			name = Debug;
		};
		7CAF8FC92A9F8FC800D3D605 /* Release */ = {
			isa = XCBuildConfiguration;
			buildSettings = {
				ALWAYS_SEARCH_USER_PATHS = NO;
				CLANG_ANALYZER_NONNULL = YES;
				CLANG_ANALYZER_NUMBER_OBJECT_CONVERSION = YES_AGGRESSIVE;
				CLANG_CXX_LANGUAGE_STANDARD = "gnu++20";
				CLANG_ENABLE_MODULES = YES;
				CLANG_ENABLE_OBJC_ARC = YES;
				CLANG_ENABLE_OBJC_WEAK = YES;
				CLANG_WARN_BLOCK_CAPTURE_AUTORELEASING = YES;
				CLANG_WARN_BOOL_CONVERSION = YES;
				CLANG_WARN_COMMA = YES;
				CLANG_WARN_CONSTANT_CONVERSION = YES;
				CLANG_WARN_DEPRECATED_OBJC_IMPLEMENTATIONS = YES;
				CLANG_WARN_DIRECT_OBJC_ISA_USAGE = YES_ERROR;
				CLANG_WARN_DOCUMENTATION_COMMENTS = YES;
				CLANG_WARN_EMPTY_BODY = YES;
				CLANG_WARN_ENUM_CONVERSION = YES;
				CLANG_WARN_INFINITE_RECURSION = YES;
				CLANG_WARN_INT_CONVERSION = YES;
				CLANG_WARN_NON_LITERAL_NULL_CONVERSION = YES;
				CLANG_WARN_OBJC_IMPLICIT_RETAIN_SELF = YES;
				CLANG_WARN_OBJC_LITERAL_CONVERSION = YES;
				CLANG_WARN_OBJC_ROOT_CLASS = YES_ERROR;
				CLANG_WARN_QUOTED_INCLUDE_IN_FRAMEWORK_HEADER = YES;
				CLANG_WARN_RANGE_LOOP_ANALYSIS = YES;
				CLANG_WARN_STRICT_PROTOTYPES = YES;
				CLANG_WARN_SUSPICIOUS_MOVE = YES;
				CLANG_WARN_UNGUARDED_AVAILABILITY = YES_AGGRESSIVE;
				CLANG_WARN_UNREACHABLE_CODE = YES;
				CLANG_WARN__DUPLICATE_METHOD_MATCH = YES;
				COPY_PHASE_STRIP = NO;
				DEBUG_INFORMATION_FORMAT = "dwarf-with-dsym";
				ENABLE_NS_ASSERTIONS = NO;
				ENABLE_STRICT_OBJC_MSGSEND = YES;
				GCC_C_LANGUAGE_STANDARD = gnu11;
				GCC_NO_COMMON_BLOCKS = YES;
				GCC_WARN_64_TO_32_BIT_CONVERSION = YES;
				GCC_WARN_ABOUT_RETURN_TYPE = YES_ERROR;
				GCC_WARN_UNDECLARED_SELECTOR = YES;
				GCC_WARN_UNINITIALIZED_AUTOS = YES_AGGRESSIVE;
				GCC_WARN_UNUSED_FUNCTION = YES;
				GCC_WARN_UNUSED_VARIABLE = YES;
				IPHONEOS_DEPLOYMENT_TARGET = 16.4;
				MTL_ENABLE_DEBUG_INFO = NO;
				MTL_FAST_MATH = YES;
				SDKROOT = iphoneos;
				SWIFT_COMPILATION_MODE = wholemodule;
				SWIFT_OPTIMIZATION_LEVEL = "-O";
				VALIDATE_PRODUCT = YES;
			};
			name = Release;
		};
		7CAF8FCB2A9F8FC800D3D605 /* Debug */ = {
			isa = XCBuildConfiguration;
			buildSettings = {
				ASSETCATALOG_COMPILER_APPICON_NAME = AppIcon;
				ASSETCATALOG_COMPILER_GLOBAL_ACCENT_COLOR_NAME = AccentColor;
				CODE_SIGN_STYLE = Automatic;
				CURRENT_PROJECT_VERSION = 1;
				DEVELOPMENT_TEAM = W6X76DS4Z7;
				GENERATE_INFOPLIST_FILE = YES;
				INFOPLIST_FILE = ModernCollectionView/Info.plist;
				INFOPLIST_KEY_UIApplicationSupportsIndirectInputEvents = YES;
				INFOPLIST_KEY_UILaunchStoryboardName = LaunchScreen;
				INFOPLIST_KEY_UIMainStoryboardFile = Main;
				INFOPLIST_KEY_UISupportedInterfaceOrientations_iPad = "UIInterfaceOrientationPortrait UIInterfaceOrientationPortraitUpsideDown UIInterfaceOrientationLandscapeLeft UIInterfaceOrientationLandscapeRight";
				INFOPLIST_KEY_UISupportedInterfaceOrientations_iPhone = "UIInterfaceOrientationPortrait UIInterfaceOrientationLandscapeLeft UIInterfaceOrientationLandscapeRight";
				LD_RUNPATH_SEARCH_PATHS = (
					"$(inherited)",
					"@executable_path/Frameworks",
				);
				MARKETING_VERSION = 1.0;
				PRODUCT_BUNDLE_IDENTIFIER = com.thekoon.ModernCollectionView;
				PRODUCT_NAME = "$(TARGET_NAME)";
				SWIFT_EMIT_LOC_STRINGS = YES;
				SWIFT_VERSION = 5.0;
				TARGETED_DEVICE_FAMILY = "1,2";
			};
			name = Debug;
		};
		7CAF8FCC2A9F8FC800D3D605 /* Release */ = {
			isa = XCBuildConfiguration;
			buildSettings = {
				ASSETCATALOG_COMPILER_APPICON_NAME = AppIcon;
				ASSETCATALOG_COMPILER_GLOBAL_ACCENT_COLOR_NAME = AccentColor;
				CODE_SIGN_STYLE = Automatic;
				CURRENT_PROJECT_VERSION = 1;
				DEVELOPMENT_TEAM = W6X76DS4Z7;
				GENERATE_INFOPLIST_FILE = YES;
				INFOPLIST_FILE = ModernCollectionView/Info.plist;
				INFOPLIST_KEY_UIApplicationSupportsIndirectInputEvents = YES;
				INFOPLIST_KEY_UILaunchStoryboardName = LaunchScreen;
				INFOPLIST_KEY_UIMainStoryboardFile = Main;
				INFOPLIST_KEY_UISupportedInterfaceOrientations_iPad = "UIInterfaceOrientationPortrait UIInterfaceOrientationPortraitUpsideDown UIInterfaceOrientationLandscapeLeft UIInterfaceOrientationLandscapeRight";
				INFOPLIST_KEY_UISupportedInterfaceOrientations_iPhone = "UIInterfaceOrientationPortrait UIInterfaceOrientationLandscapeLeft UIInterfaceOrientationLandscapeRight";
				LD_RUNPATH_SEARCH_PATHS = (
					"$(inherited)",
					"@executable_path/Frameworks",
				);
				MARKETING_VERSION = 1.0;
				PRODUCT_BUNDLE_IDENTIFIER = com.thekoon.ModernCollectionView;
				PRODUCT_NAME = "$(TARGET_NAME)";
				SWIFT_EMIT_LOC_STRINGS = YES;
				SWIFT_VERSION = 5.0;
				TARGETED_DEVICE_FAMILY = "1,2";
			};
			name = Release;
		};
/* End XCBuildConfiguration section */

/* Begin XCConfigurationList section */
		7CAF8FB12A9F8FC700D3D605 /* Build configuration list for PBXProject "ModernCollectionView" */ = {
			isa = XCConfigurationList;
			buildConfigurations = (
				7CAF8FC82A9F8FC800D3D605 /* Debug */,
				7CAF8FC92A9F8FC800D3D605 /* Release */,
			);
			defaultConfigurationIsVisible = 0;
			defaultConfigurationName = Release;
		};
		7CAF8FCA2A9F8FC800D3D605 /* Build configuration list for PBXNativeTarget "ModernCollectionView" */ = {
			isa = XCConfigurationList;
			buildConfigurations = (
				7CAF8FCB2A9F8FC800D3D605 /* Debug */,
				7CAF8FCC2A9F8FC800D3D605 /* Release */,
			);
			defaultConfigurationIsVisible = 0;
			defaultConfigurationName = Release;
		};
/* End XCConfigurationList section */

/* Begin XCRemoteSwiftPackageReference section */
		7CAF8FD12A9F924B00D3D605 /* XCRemoteSwiftPackageReference "SnapKit" */ = {
			isa = XCRemoteSwiftPackageReference;
			repositoryURL = "https://github.com/SnapKit/SnapKit.git";
			requirement = {
				kind = upToNextMajorVersion;
				minimumVersion = 5.0.0;
			};
		};
		7CAF8FD42A9FA65F00D3D605 /* XCRemoteSwiftPackageReference "Kingfisher" */ = {
			isa = XCRemoteSwiftPackageReference;
			repositoryURL = "https://github.com/onevcat/Kingfisher";
			requirement = {
				kind = upToNextMajorVersion;
				minimumVersion = 7.0.0;
			};
		};
/* End XCRemoteSwiftPackageReference section */

/* Begin XCSwiftPackageProductDependency section */
		7CAF8FD22A9F924B00D3D605 /* SnapKit */ = {
			isa = XCSwiftPackageProductDependency;
			package = 7CAF8FD12A9F924B00D3D605 /* XCRemoteSwiftPackageReference "SnapKit" */;
			productName = SnapKit;
		};
		7CAF8FD52A9FA65F00D3D605 /* Kingfisher */ = {
			isa = XCSwiftPackageProductDependency;
			package = 7CAF8FD42A9FA65F00D3D605 /* XCRemoteSwiftPackageReference "Kingfisher" */;
			productName = Kingfisher;
		};
/* End XCSwiftPackageProductDependency section */
	};
	rootObject = 7CAF8FAE2A9F8FC700D3D605 /* Project object */;
}
