// !$*UTF8*$!
{
	archiveVersion = 1;
	classes = {
	};
	objectVersion = 56;
	objects = {

/* Begin PBXBuildFile section */
		7CD533712A0B44FE00EB4DAA /* AppDelegate.swift in Sources */ = {isa = PBXBuildFile; fileRef = 7CD533702A0B44FE00EB4DAA /* AppDelegate.swift */; };
		7CD533732A0B44FE00EB4DAA /* SceneDelegate.swift in Sources */ = {isa = PBXBuildFile; fileRef = 7CD533722A0B44FE00EB4DAA /* SceneDelegate.swift */; };
		7CD533752A0B44FE00EB4DAA /* ViewController.swift in Sources */ = {isa = PBXBuildFile; fileRef = 7CD533742A0B44FE00EB4DAA /* ViewController.swift */; };
		7CD533782A0B44FE00EB4DAA /* Main.storyboard in Resources */ = {isa = PBXBuildFile; fileRef = 7CD533762A0B44FE00EB4DAA /* Main.storyboard */; };
		7CD5337A2A0B44FF00EB4DAA /* Assets.xcassets in Resources */ = {isa = PBXBuildFile; fileRef = 7CD533792A0B44FF00EB4DAA /* Assets.xcassets */; };
		7CD5337D2A0B44FF00EB4DAA /* LaunchScreen.storyboard in Resources */ = {isa = PBXBuildFile; fileRef = 7CD5337B2A0B44FF00EB4DAA /* LaunchScreen.storyboard */; };
		7CD533882A0F745D00EB4DAA /* Member.swift in Sources */ = {isa = PBXBuildFile; fileRef = 7CD533872A0F745D00EB4DAA /* Member.swift */; };
		7CD5338A2A0F779C00EB4DAA /* MemberListManager.swift in Sources */ = {isa = PBXBuildFile; fileRef = 7CD533892A0F779C00EB4DAA /* MemberListManager.swift */; };
		7CD5338C2A0F7DCF00EB4DAA /* MyTableViewCell.swift in Sources */ = {isa = PBXBuildFile; fileRef = 7CD5338B2A0F7DCF00EB4DAA /* MyTableViewCell.swift */; };
		7CD5338E2A0F8ED800EB4DAA /* DetailViewController.swift in Sources */ = {isa = PBXBuildFile; fileRef = 7CD5338D2A0F8ED800EB4DAA /* DetailViewController.swift */; };
		7CD533902A0F8EF800EB4DAA /* DetailView.swift in Sources */ = {isa = PBXBuildFile; fileRef = 7CD5338F2A0F8EF800EB4DAA /* DetailView.swift */; };
/* End PBXBuildFile section */

/* Begin PBXFileReference section */
		7CD5336D2A0B44FE00EB4DAA /* MemberList.app */ = {isa = PBXFileReference; explicitFileType = wrapper.application; includeInIndex = 0; path = MemberList.app; sourceTree = BUILT_PRODUCTS_DIR; };
		7CD533702A0B44FE00EB4DAA /* AppDelegate.swift */ = {isa = PBXFileReference; lastKnownFileType = sourcecode.swift; path = AppDelegate.swift; sourceTree = "<group>"; };
		7CD533722A0B44FE00EB4DAA /* SceneDelegate.swift */ = {isa = PBXFileReference; lastKnownFileType = sourcecode.swift; path = SceneDelegate.swift; sourceTree = "<group>"; };
		7CD533742A0B44FE00EB4DAA /* ViewController.swift */ = {isa = PBXFileReference; lastKnownFileType = sourcecode.swift; path = ViewController.swift; sourceTree = "<group>"; };
		7CD533772A0B44FE00EB4DAA /* Base */ = {isa = PBXFileReference; lastKnownFileType = file.storyboard; name = Base; path = Base.lproj/Main.storyboard; sourceTree = "<group>"; };
		7CD533792A0B44FF00EB4DAA /* Assets.xcassets */ = {isa = PBXFileReference; lastKnownFileType = folder.assetcatalog; path = Assets.xcassets; sourceTree = "<group>"; };
		7CD5337C2A0B44FF00EB4DAA /* Base */ = {isa = PBXFileReference; lastKnownFileType = file.storyboard; name = Base; path = Base.lproj/LaunchScreen.storyboard; sourceTree = "<group>"; };
		7CD5337E2A0B44FF00EB4DAA /* Info.plist */ = {isa = PBXFileReference; lastKnownFileType = text.plist.xml; path = Info.plist; sourceTree = "<group>"; };
		7CD533872A0F745D00EB4DAA /* Member.swift */ = {isa = PBXFileReference; lastKnownFileType = sourcecode.swift; path = Member.swift; sourceTree = "<group>"; };
		7CD533892A0F779C00EB4DAA /* MemberListManager.swift */ = {isa = PBXFileReference; lastKnownFileType = sourcecode.swift; path = MemberListManager.swift; sourceTree = "<group>"; };
		7CD5338B2A0F7DCF00EB4DAA /* MyTableViewCell.swift */ = {isa = PBXFileReference; lastKnownFileType = sourcecode.swift; path = MyTableViewCell.swift; sourceTree = "<group>"; };
		7CD5338D2A0F8ED800EB4DAA /* DetailViewController.swift */ = {isa = PBXFileReference; lastKnownFileType = sourcecode.swift; path = DetailViewController.swift; sourceTree = "<group>"; };
		7CD5338F2A0F8EF800EB4DAA /* DetailView.swift */ = {isa = PBXFileReference; lastKnownFileType = sourcecode.swift; path = DetailView.swift; sourceTree = "<group>"; };
/* End PBXFileReference section */

/* Begin PBXFrameworksBuildPhase section */
		7CD5336A2A0B44FE00EB4DAA /* Frameworks */ = {
			isa = PBXFrameworksBuildPhase;
			buildActionMask = 2147483647;
			files = (
			);
			runOnlyForDeploymentPostprocessing = 0;
		};
/* End PBXFrameworksBuildPhase section */

/* Begin PBXGroup section */
		7CD533642A0B44FE00EB4DAA = {
			isa = PBXGroup;
			children = (
				7CD5336F2A0B44FE00EB4DAA /* MemberList */,
				7CD5336E2A0B44FE00EB4DAA /* Products */,
			);
			sourceTree = "<group>";
		};
		7CD5336E2A0B44FE00EB4DAA /* Products */ = {
			isa = PBXGroup;
			children = (
				7CD5336D2A0B44FE00EB4DAA /* MemberList.app */,
			);
			name = Products;
			sourceTree = "<group>";
		};
		7CD5336F2A0B44FE00EB4DAA /* MemberList */ = {
			isa = PBXGroup;
			children = (
				7CD533702A0B44FE00EB4DAA /* AppDelegate.swift */,
				7CD533722A0B44FE00EB4DAA /* SceneDelegate.swift */,
				7CD533842A0F741300EB4DAA /* Models */,
				7CD533852A0F742800EB4DAA /* Views */,
				7CD533862A0F743600EB4DAA /* Controllers */,
				7CD533792A0B44FF00EB4DAA /* Assets.xcassets */,
				7CD5337B2A0B44FF00EB4DAA /* LaunchScreen.storyboard */,
				7CD5337E2A0B44FF00EB4DAA /* Info.plist */,
			);
			path = MemberList;
			sourceTree = "<group>";
		};
		7CD533842A0F741300EB4DAA /* Models */ = {
			isa = PBXGroup;
			children = (
				7CD533872A0F745D00EB4DAA /* Member.swift */,
				7CD533892A0F779C00EB4DAA /* MemberListManager.swift */,
			);
			path = Models;
			sourceTree = "<group>";
		};
		7CD533852A0F742800EB4DAA /* Views */ = {
			isa = PBXGroup;
			children = (
				7CD533762A0B44FE00EB4DAA /* Main.storyboard */,
				7CD5338B2A0F7DCF00EB4DAA /* MyTableViewCell.swift */,
				7CD5338F2A0F8EF800EB4DAA /* DetailView.swift */,
			);
			path = Views;
			sourceTree = "<group>";
		};
		7CD533862A0F743600EB4DAA /* Controllers */ = {
			isa = PBXGroup;
			children = (
				7CD533742A0B44FE00EB4DAA /* ViewController.swift */,
				7CD5338D2A0F8ED800EB4DAA /* DetailViewController.swift */,
			);
			path = Controllers;
			sourceTree = "<group>";
		};
/* End PBXGroup section */

/* Begin PBXNativeTarget section */
		7CD5336C2A0B44FE00EB4DAA /* MemberList */ = {
			isa = PBXNativeTarget;
			buildConfigurationList = 7CD533812A0B44FF00EB4DAA /* Build configuration list for PBXNativeTarget "MemberList" */;
			buildPhases = (
				7CD533692A0B44FE00EB4DAA /* Sources */,
				7CD5336A2A0B44FE00EB4DAA /* Frameworks */,
				7CD5336B2A0B44FE00EB4DAA /* Resources */,
			);
			buildRules = (
			);
			dependencies = (
			);
			name = MemberList;
			productName = MemberList;
			productReference = 7CD5336D2A0B44FE00EB4DAA /* MemberList.app */;
			productType = "com.apple.product-type.application";
		};
/* End PBXNativeTarget section */

/* Begin PBXProject section */
		7CD533652A0B44FE00EB4DAA /* Project object */ = {
			isa = PBXProject;
			attributes = {
				BuildIndependentTargetsInParallel = 1;
				LastSwiftUpdateCheck = 1430;
				LastUpgradeCheck = 1430;
				TargetAttributes = {
					7CD5336C2A0B44FE00EB4DAA = {
						CreatedOnToolsVersion = 14.3;
					};
				};
			};
			buildConfigurationList = 7CD533682A0B44FE00EB4DAA /* Build configuration list for PBXProject "MemberList" */;
			compatibilityVersion = "Xcode 14.0";
			developmentRegion = en;
			hasScannedForEncodings = 0;
			knownRegions = (
				en,
				Base,
			);
			mainGroup = 7CD533642A0B44FE00EB4DAA;
			productRefGroup = 7CD5336E2A0B44FE00EB4DAA /* Products */;
			projectDirPath = "";
			projectRoot = "";
			targets = (
				7CD5336C2A0B44FE00EB4DAA /* MemberList */,
			);
		};
/* End PBXProject section */

/* Begin PBXResourcesBuildPhase section */
		7CD5336B2A0B44FE00EB4DAA /* Resources */ = {
			isa = PBXResourcesBuildPhase;
			buildActionMask = 2147483647;
			files = (
				7CD5337D2A0B44FF00EB4DAA /* LaunchScreen.storyboard in Resources */,
				7CD5337A2A0B44FF00EB4DAA /* Assets.xcassets in Resources */,
				7CD533782A0B44FE00EB4DAA /* Main.storyboard in Resources */,
			);
			runOnlyForDeploymentPostprocessing = 0;
		};
/* End PBXResourcesBuildPhase section */

/* Begin PBXSourcesBuildPhase section */
		7CD533692A0B44FE00EB4DAA /* Sources */ = {
			isa = PBXSourcesBuildPhase;
			buildActionMask = 2147483647;
			files = (
				7CD5338A2A0F779C00EB4DAA /* MemberListManager.swift in Sources */,
				7CD533902A0F8EF800EB4DAA /* DetailView.swift in Sources */,
				7CD533752A0B44FE00EB4DAA /* ViewController.swift in Sources */,
				7CD533712A0B44FE00EB4DAA /* AppDelegate.swift in Sources */,
				7CD533732A0B44FE00EB4DAA /* SceneDelegate.swift in Sources */,
				7CD533882A0F745D00EB4DAA /* Member.swift in Sources */,
				7CD5338C2A0F7DCF00EB4DAA /* MyTableViewCell.swift in Sources */,
				7CD5338E2A0F8ED800EB4DAA /* DetailViewController.swift in Sources */,
			);
			runOnlyForDeploymentPostprocessing = 0;
		};
/* End PBXSourcesBuildPhase section */

/* Begin PBXVariantGroup section */
		7CD533762A0B44FE00EB4DAA /* Main.storyboard */ = {
			isa = PBXVariantGroup;
			children = (
				7CD533772A0B44FE00EB4DAA /* Base */,
			);
			name = Main.storyboard;
			sourceTree = "<group>";
		};
		7CD5337B2A0B44FF00EB4DAA /* LaunchScreen.storyboard */ = {
			isa = PBXVariantGroup;
			children = (
				7CD5337C2A0B44FF00EB4DAA /* Base */,
			);
			name = LaunchScreen.storyboard;
			sourceTree = "<group>";
		};
/* End PBXVariantGroup section */

/* Begin XCBuildConfiguration section */
		7CD5337F2A0B44FF00EB4DAA /* Debug */ = {
			isa = XCBuildConfiguration;
			buildSettings = {
				ALWAYS_SEARCH_USER_PATHS = NO;
				CLANG_ANALYZER_NONNULL = YES;
				CLANG_ANALYZER_NUMBER_OBJECT_CONVERSION = YES_AGGRESSIVE;
				CLANG_CXX_LANGUAGE_STANDARD = "gnu++20";
				CLANG_ENABLE_MODULES = YES;
				CLANG_ENABLE_OBJC_ARC = YES;
				CLANG_ENABLE_OBJC_WEAK = YES;
				CLANG_WARN_BLOCK_CAPTURE_AUTORELEASING = YES;
				CLANG_WARN_BOOL_CONVERSION = YES;
				CLANG_WARN_COMMA = YES;
				CLANG_WARN_CONSTANT_CONVERSION = YES;
				CLANG_WARN_DEPRECATED_OBJC_IMPLEMENTATIONS = YES;
				CLANG_WARN_DIRECT_OBJC_ISA_USAGE = YES_ERROR;
				CLANG_WARN_DOCUMENTATION_COMMENTS = YES;
				CLANG_WARN_EMPTY_BODY = YES;
				CLANG_WARN_ENUM_CONVERSION = YES;
				CLANG_WARN_INFINITE_RECURSION = YES;
				CLANG_WARN_INT_CONVERSION = YES;
				CLANG_WARN_NON_LITERAL_NULL_CONVERSION = YES;
				CLANG_WARN_OBJC_IMPLICIT_RETAIN_SELF = YES;
				CLANG_WARN_OBJC_LITERAL_CONVERSION = YES;
				CLANG_WARN_OBJC_ROOT_CLASS = YES_ERROR;
				CLANG_WARN_QUOTED_INCLUDE_IN_FRAMEWORK_HEADER = YES;
				CLANG_WARN_RANGE_LOOP_ANALYSIS = YES;
				CLANG_WARN_STRICT_PROTOTYPES = YES;
				CLANG_WARN_SUSPICIOUS_MOVE = YES;
				CLANG_WARN_UNGUARDED_AVAILABILITY = YES_AGGRESSIVE;
				CLANG_WARN_UNREACHABLE_CODE = YES;
				CLANG_WARN__DUPLICATE_METHOD_MATCH = YES;
				COPY_PHASE_STRIP = NO;
				DEBUG_INFORMATION_FORMAT = dwarf;
				ENABLE_STRICT_OBJC_MSGSEND = YES;
				ENABLE_TESTABILITY = YES;
				GCC_C_LANGUAGE_STANDARD = gnu11;
				GCC_DYNAMIC_NO_PIC = NO;
				GCC_NO_COMMON_BLOCKS = YES;
				GCC_OPTIMIZATION_LEVEL = 0;
				GCC_PREPROCESSOR_DEFINITIONS = (
					"DEBUG=1",
					"$(inherited)",
				);
				GCC_WARN_64_TO_32_BIT_CONVERSION = YES;
				GCC_WARN_ABOUT_RETURN_TYPE = YES_ERROR;
				GCC_WARN_UNDECLARED_SELECTOR = YES;
				GCC_WARN_UNINITIALIZED_AUTOS = YES_AGGRESSIVE;
				GCC_WARN_UNUSED_FUNCTION = YES;
				GCC_WARN_UNUSED_VARIABLE = YES;
				IPHONEOS_DEPLOYMENT_TARGET = 16.4;
				MTL_ENABLE_DEBUG_INFO = INCLUDE_SOURCE;
				MTL_FAST_MATH = YES;
				ONLY_ACTIVE_ARCH = YES;
				SDKROOT = iphoneos;
				SWIFT_ACTIVE_COMPILATION_CONDITIONS = DEBUG;
				SWIFT_OPTIMIZATION_LEVEL = "-Onone";
			};
			name = Debug;
		};
		7CD533802A0B44FF00EB4DAA /* Release */ = {
			isa = XCBuildConfiguration;
			buildSettings = {
				ALWAYS_SEARCH_USER_PATHS = NO;
				CLANG_ANALYZER_NONNULL = YES;
				CLANG_ANALYZER_NUMBER_OBJECT_CONVERSION = YES_AGGRESSIVE;
				CLANG_CXX_LANGUAGE_STANDARD = "gnu++20";
				CLANG_ENABLE_MODULES = YES;
				CLANG_ENABLE_OBJC_ARC = YES;
				CLANG_ENABLE_OBJC_WEAK = YES;
				CLANG_WARN_BLOCK_CAPTURE_AUTORELEASING = YES;
				CLANG_WARN_BOOL_CONVERSION = YES;
				CLANG_WARN_COMMA = YES;
				CLANG_WARN_CONSTANT_CONVERSION = YES;
				CLANG_WARN_DEPRECATED_OBJC_IMPLEMENTATIONS = YES;
				CLANG_WARN_DIRECT_OBJC_ISA_USAGE = YES_ERROR;
				CLANG_WARN_DOCUMENTATION_COMMENTS = YES;
				CLANG_WARN_EMPTY_BODY = YES;
				CLANG_WARN_ENUM_CONVERSION = YES;
				CLANG_WARN_INFINITE_RECURSION = YES;
				CLANG_WARN_INT_CONVERSION = YES;
				CLANG_WARN_NON_LITERAL_NULL_CONVERSION = YES;
				CLANG_WARN_OBJC_IMPLICIT_RETAIN_SELF = YES;
				CLANG_WARN_OBJC_LITERAL_CONVERSION = YES;
				CLANG_WARN_OBJC_ROOT_CLASS = YES_ERROR;
				CLANG_WARN_QUOTED_INCLUDE_IN_FRAMEWORK_HEADER = YES;
				CLANG_WARN_RANGE_LOOP_ANALYSIS = YES;
				CLANG_WARN_STRICT_PROTOTYPES = YES;
				CLANG_WARN_SUSPICIOUS_MOVE = YES;
				CLANG_WARN_UNGUARDED_AVAILABILITY = YES_AGGRESSIVE;
				CLANG_WARN_UNREACHABLE_CODE = YES;
				CLANG_WARN__DUPLICATE_METHOD_MATCH = YES;
				COPY_PHASE_STRIP = NO;
				DEBUG_INFORMATION_FORMAT = "dwarf-with-dsym";
				ENABLE_NS_ASSERTIONS = NO;
				ENABLE_STRICT_OBJC_MSGSEND = YES;
				GCC_C_LANGUAGE_STANDARD = gnu11;
				GCC_NO_COMMON_BLOCKS = YES;
				GCC_WARN_64_TO_32_BIT_CONVERSION = YES;
				GCC_WARN_ABOUT_RETURN_TYPE = YES_ERROR;
				GCC_WARN_UNDECLARED_SELECTOR = YES;
				GCC_WARN_UNINITIALIZED_AUTOS = YES_AGGRESSIVE;
				GCC_WARN_UNUSED_FUNCTION = YES;
				GCC_WARN_UNUSED_VARIABLE = YES;
				IPHONEOS_DEPLOYMENT_TARGET = 16.4;
				MTL_ENABLE_DEBUG_INFO = NO;
				MTL_FAST_MATH = YES;
				SDKROOT = iphoneos;
				SWIFT_COMPILATION_MODE = wholemodule;
				SWIFT_OPTIMIZATION_LEVEL = "-O";
				VALIDATE_PRODUCT = YES;
			};
			name = Release;
		};
		7CD533822A0B44FF00EB4DAA /* Debug */ = {
			isa = XCBuildConfiguration;
			buildSettings = {
				ASSETCATALOG_COMPILER_APPICON_NAME = AppIcon;
				ASSETCATALOG_COMPILER_GLOBAL_ACCENT_COLOR_NAME = AccentColor;
				CODE_SIGN_STYLE = Automatic;
				CURRENT_PROJECT_VERSION = 1;
				DEVELOPMENT_TEAM = W6X76DS4Z7;
				GENERATE_INFOPLIST_FILE = YES;
				INFOPLIST_FILE = MemberList/Info.plist;
				INFOPLIST_KEY_UIApplicationSupportsIndirectInputEvents = YES;
				INFOPLIST_KEY_UILaunchStoryboardName = LaunchScreen;
				INFOPLIST_KEY_UIMainStoryboardFile = Main;
				INFOPLIST_KEY_UISupportedInterfaceOrientations = UIInterfaceOrientationPortrait;
				INFOPLIST_KEY_UISupportedInterfaceOrientations_iPad = "UIInterfaceOrientationLandscapeLeft UIInterfaceOrientationLandscapeRight UIInterfaceOrientationPortrait UIInterfaceOrientationPortraitUpsideDown";
				IPHONEOS_DEPLOYMENT_TARGET = 14.0;
				LD_RUNPATH_SEARCH_PATHS = (
					"$(inherited)",
					"@executable_path/Frameworks",
				);
				MARKETING_VERSION = 1.0;
				PRODUCT_BUNDLE_IDENTIFIER = com.thekoon.MemberList;
				PRODUCT_NAME = "$(TARGET_NAME)";
				SUPPORTED_PLATFORMS = "iphoneos iphonesimulator";
				SUPPORTS_MACCATALYST = NO;
				SUPPORTS_MAC_DESIGNED_FOR_IPHONE_IPAD = NO;
				SWIFT_EMIT_LOC_STRINGS = YES;
				SWIFT_VERSION = 5.0;
				TARGETED_DEVICE_FAMILY = 1;
			};
			name = Debug;
		};
		7CD533832A0B44FF00EB4DAA /* Release */ = {
			isa = XCBuildConfiguration;
			buildSettings = {
				ASSETCATALOG_COMPILER_APPICON_NAME = AppIcon;
				ASSETCATALOG_COMPILER_GLOBAL_ACCENT_COLOR_NAME = AccentColor;
				CODE_SIGN_STYLE = Automatic;
				CURRENT_PROJECT_VERSION = 1;
				DEVELOPMENT_TEAM = W6X76DS4Z7;
				GENERATE_INFOPLIST_FILE = YES;
				INFOPLIST_FILE = MemberList/Info.plist;
				INFOPLIST_KEY_UIApplicationSupportsIndirectInputEvents = YES;
				INFOPLIST_KEY_UILaunchStoryboardName = LaunchScreen;
				INFOPLIST_KEY_UIMainStoryboardFile = Main;
				INFOPLIST_KEY_UISupportedInterfaceOrientations = UIInterfaceOrientationPortrait;
				INFOPLIST_KEY_UISupportedInterfaceOrientations_iPad = "UIInterfaceOrientationLandscapeLeft UIInterfaceOrientationLandscapeRight UIInterfaceOrientationPortrait UIInterfaceOrientationPortraitUpsideDown";
				IPHONEOS_DEPLOYMENT_TARGET = 14.0;
				LD_RUNPATH_SEARCH_PATHS = (
					"$(inherited)",
					"@executable_path/Frameworks",
				);
				MARKETING_VERSION = 1.0;
				PRODUCT_BUNDLE_IDENTIFIER = com.thekoon.MemberList;
				PRODUCT_NAME = "$(TARGET_NAME)";
				SUPPORTED_PLATFORMS = "iphoneos iphonesimulator";
				SUPPORTS_MACCATALYST = NO;
				SUPPORTS_MAC_DESIGNED_FOR_IPHONE_IPAD = NO;
				SWIFT_EMIT_LOC_STRINGS = YES;
				SWIFT_VERSION = 5.0;
				TARGETED_DEVICE_FAMILY = 1;
			};
			name = Release;
		};
/* End XCBuildConfiguration section */

/* Begin XCConfigurationList section */
		7CD533682A0B44FE00EB4DAA /* Build configuration list for PBXProject "MemberList" */ = {
			isa = XCConfigurationList;
			buildConfigurations = (
				7CD5337F2A0B44FF00EB4DAA /* Debug */,
				7CD533802A0B44FF00EB4DAA /* Release */,
			);
			defaultConfigurationIsVisible = 0;
			defaultConfigurationName = Release;
		};
		7CD533812A0B44FF00EB4DAA /* Build configuration list for PBXNativeTarget "MemberList" */ = {
			isa = XCConfigurationList;
			buildConfigurations = (
				7CD533822A0B44FF00EB4DAA /* Debug */,
				7CD533832A0B44FF00EB4DAA /* Release */,
			);
			defaultConfigurationIsVisible = 0;
			defaultConfigurationName = Release;
		};
/* End XCConfigurationList section */
	};
	rootObject = 7CD533652A0B44FE00EB4DAA /* Project object */;
}
